
Microsoft Visual Studio Solution File, Format Version 12.00
# Visual Studio 15
VisualStudioVersion = 15.0.26124.0
MinimumVisualStudioVersion = 15.0.26124.0
Project("{2150E333-8FDC-42A3-9474-1A3956D46DE8}") = "scr", "src", "{5CCC0F72-0101-4DC2-A993-C731F1BAD05D}"
EndProject
Project("{FAE04EC0-301F-11D3-BF4B-00C04F79EFBC}") = "Web", "src\Web\Web.csproj", "{10AF871A-67A9-4C10-98FB-8273D1ADEC5E}"
EndProject
Project("{FAE04EC0-301F-11D3-BF4B-00C04F79EFBC}") = "ApplicationCore", "src\ApplicationCore\ApplicationCore.csproj", "{2E675280-C512-4302-BAD1-F3E9B3F55769}"
EndProject
Project("{FAE04EC0-301F-11D3-BF4B-00C04F79EFBC}") = "Infrastructure", "src\Infrastructure\Infrastructure.csproj", "{A07E5503-8E2E-461F-967C-E53BBE7A5A19}"
EndProject
Global
	GlobalSection(SolutionConfigurationPlatforms) = preSolution
		Debug|Any CPU = Debug|Any CPU
		Debug|x64 = Debug|x64
		Debug|x86 = Debug|x86
		Release|Any CPU = Release|Any CPU
		Release|x64 = Release|x64
		Release|x86 = Release|x86
	EndGlobalSection
	GlobalSection(SolutionProperties) = preSolution
		HideSolutionNode = FALSE
	EndGlobalSection
	GlobalSection(ProjectConfigurationPlatforms) = postSolution
		{10AF871A-67A9-4C10-98FB-8273D1ADEC5E}.Debug|Any CPU.ActiveCfg = Debug|Any CPU
		{10AF871A-67A9-4C10-98FB-8273D1ADEC5E}.Debug|Any CPU.Build.0 = Debug|Any CPU
		{10AF871A-67A9-4C10-98FB-8273D1ADEC5E}.Debug|x64.ActiveCfg = Debug|Any CPU
		{10AF871A-67A9-4C10-98FB-8273D1ADEC5E}.Debug|x64.Build.0 = Debug|Any CPU
		{10AF871A-67A9-4C10-98FB-8273D1ADEC5E}.Debug|x86.ActiveCfg = Debug|Any CPU
		{10AF871A-67A9-4C10-98FB-8273D1ADEC5E}.Debug|x86.Build.0 = Debug|Any CPU
		{10AF871A-67A9-4C10-98FB-8273D1ADEC5E}.Release|Any CPU.ActiveCfg = Release|Any CPU
		{10AF871A-67A9-4C10-98FB-8273D1ADEC5E}.Release|Any CPU.Build.0 = Release|Any CPU
		{10AF871A-67A9-4C10-98FB-8273D1ADEC5E}.Release|x64.ActiveCfg = Release|Any CPU
		{10AF871A-67A9-4C10-98FB-8273D1ADEC5E}.Release|x64.Build.0 = Release|Any CPU
		{10AF871A-67A9-4C10-98FB-8273D1ADEC5E}.Release|x86.ActiveCfg = Release|Any CPU
		{10AF871A-67A9-4C10-98FB-8273D1ADEC5E}.Release|x86.Build.0 = Release|Any CPU
		{2E675280-C512-4302-BAD1-F3E9B3F55769}.Debug|Any CPU.ActiveCfg = Debug|Any CPU
		{2E675280-C512-4302-BAD1-F3E9B3F55769}.Debug|Any CPU.Build.0 = Debug|Any CPU
		{2E675280-C512-4302-BAD1-F3E9B3F55769}.Debug|x64.ActiveCfg = Debug|Any CPU
		{2E675280-C512-4302-BAD1-F3E9B3F55769}.Debug|x64.Build.0 = Debug|Any CPU
		{2E675280-C512-4302-BAD1-F3E9B3F55769}.Debug|x86.ActiveCfg = Debug|Any CPU
		{2E675280-C512-4302-BAD1-F3E9B3F55769}.Debug|x86.Build.0 = Debug|Any CPU
		{2E675280-C512-4302-BAD1-F3E9B3F55769}.Release|Any CPU.ActiveCfg = Release|Any CPU
		{2E675280-C512-4302-BAD1-F3E9B3F55769}.Release|Any CPU.Build.0 = Release|Any CPU
		{2E675280-C512-4302-BAD1-F3E9B3F55769}.Release|x64.ActiveCfg = Release|Any CPU
		{2E675280-C512-4302-BAD1-F3E9B3F55769}.Release|x64.Build.0 = Release|Any CPU
		{2E675280-C512-4302-BAD1-F3E9B3F55769}.Release|x86.ActiveCfg = Release|Any CPU
		{2E675280-C512-4302-BAD1-F3E9B3F55769}.Release|x86.Build.0 = Release|Any CPU
		{A07E5503-8E2E-461F-967C-E53BBE7A5A19}.Debug|Any CPU.ActiveCfg = Debug|Any CPU
		{A07E5503-8E2E-461F-967C-E53BBE7A5A19}.Debug|Any CPU.Build.0 = Debug|Any CPU
		{A07E5503-8E2E-461F-967C-E53BBE7A5A19}.Debug|x64.ActiveCfg = Debug|Any CPU
		{A07E5503-8E2E-461F-967C-E53BBE7A5A19}.Debug|x64.Build.0 = Debug|Any CPU
		{A07E5503-8E2E-461F-967C-E53BBE7A5A19}.Debug|x86.ActiveCfg = Debug|Any CPU
		{A07E5503-8E2E-461F-967C-E53BBE7A5A19}.Debug|x86.Build.0 = Debug|Any CPU
		{A07E5503-8E2E-461F-967C-E53BBE7A5A19}.Release|Any CPU.ActiveCfg = Release|Any CPU
		{A07E5503-8E2E-461F-967C-E53BBE7A5A19}.Release|Any CPU.Build.0 = Release|Any CPU
		{A07E5503-8E2E-461F-967C-E53BBE7A5A19}.Release|x64.ActiveCfg = Release|Any CPU
		{A07E5503-8E2E-461F-967C-E53BBE7A5A19}.Release|x64.Build.0 = Release|Any CPU
		{A07E5503-8E2E-461F-967C-E53BBE7A5A19}.Release|x86.ActiveCfg = Release|Any CPU
		{A07E5503-8E2E-461F-967C-E53BBE7A5A19}.Release|x86.Build.0 = Release|Any CPU
	EndGlobalSection
	GlobalSection(NestedProjects) = preSolution
		{10AF871A-67A9-4C10-98FB-8273D1ADEC5E} = {5CCC0F72-0101-4DC2-A993-C731F1BAD05D}
		{2E675280-C512-4302-BAD1-F3E9B3F55769} = {5CCC0F72-0101-4DC2-A993-C731F1BAD05D}
		{A07E5503-8E2E-461F-967C-E53BBE7A5A19} = {5CCC0F72-0101-4DC2-A993-C731F1BAD05D}
	EndGlobalSection
EndGlobal
